// !$*UTF8*$!
{
	archiveVersion = 1;
	classes = {
	};
	objectVersion = 77;
	objects = {

/* Begin PBXBuildFile section */
		3A4279D805984E859020B822 /* SocialProofCounter.swift in Sources */ = {isa = PBXBuildFile; fileRef = 8EE88E5992304F1481D285CC /* SocialProofCounter.swift */; };
		2333F5B878BF41329FC3BC0D /* TestimonialCard.swift in Sources */ = {isa = PBXBuildFile; fileRef = CD410FA69DCB4860BDF07B2C /* TestimonialCard.swift */; };
		EAB44A6520B149ED99E3A1DC /* StatisticHeroCard.swift in Sources */ = {isa = PBXBuildFile; fileRef = CF811DBCB19648E8A575CA4B /* StatisticHeroCard.swift */; };
		1811DC95DEA0401F85680399 /* EnhancedPlanCard.swift in Sources */ = {isa = PBXBuildFile; fileRef = 446F3BA2F4B54657902BCCC4 /* EnhancedPlanCard.swift */; };
		5E46AD1F8EB04807BAA95D76 /* ProgressGraphView.swift in Sources */ = {isa = PBXBuildFile; fileRef = E268BC843CC34E2480A0924B /* ProgressGraphView.swift */; };
		0557C3B7F27FB0AA8E6A6078 /* ProgressHeroCard.swift in Sources */ = {isa = PBXBuildFile; fileRef = 31829E839CB0EF10ACAE7270 /* ProgressHeroCard.swift */; };
		07413D8B7ACA9D63E8F4F7E3 /* HomeView.swift in Sources */ = {isa = PBXBuildFile; fileRef = 0981D9827F6FBBF7C421AF40 /* HomeView.swift */; };
		0A3D6E8D94AB52F80409BACE /* FirebaseCrashlytics in Frameworks */ = {isa = PBXBuildFile; productRef = EBBDC128BC8C42A7843DDD53 /* FirebaseCrashlytics */; };
		0B895D680BA932C04ED15796 /* HapticManager.swift in Sources */ = {isa = PBXBuildFile; fileRef = 88B5D7D38090D80E9DF411AA /* HapticManager.swift */; };
		0C04A4D7936746346CF4F462 /* LockInCelebrationView.swift in Sources */ = {isa = PBXBuildFile; fileRef = E061493F2CFA221111F36339 /* LockInCelebrationView.swift */; };
		0D4E5B97C46B640D392EB520 /* Config.example in Resources */ = {isa = PBXBuildFile; fileRef = 395EC9D9A1933D5A7967F8DB /* Config.example */; };
		142A070DE67428B4847BAEF1 /* ResultView.swift in Sources */ = {isa = PBXBuildFile; fileRef = 4C7C2841126F9197EED1AA57 /* ResultView.swift */; };
		14FC0ED912DFDF42657ACCEF /* OnboardingFlowView.swift in Sources */ = {isa = PBXBuildFile; fileRef = E8BEB02535C2B978DE0AB307 /* OnboardingFlowView.swift */; };
		1B6B655E576FBB7B40C3F2FF /* ClaudeAPIService.swift in Sources */ = {isa = PBXBuildFile; fileRef = 0CC971B9B3913369B47A9E13 /* ClaudeAPIService.swift */; };
		1E513B3AF9042CDD59D744EC /* JournalEntryView.swift in Sources */ = {isa = PBXBuildFile; fileRef = 12F95EE09D2BCAE3E92C8A2C /* JournalEntryView.swift */; };
		1E8811D345916DD25650A347 /* Habit.swift in Sources */ = {isa = PBXBuildFile; fileRef = 331D095D20B8493DF02B55AA /* Habit.swift */; };
		20BA3BC128BA29A942954BDD /* SideMenuView.swift in Sources */ = {isa = PBXBuildFile; fileRef = B9512DA434D53924F8D22A7D /* SideMenuView.swift */; };
		20E3F4B5DF3D59985E89B25B /* DashboardView.swift in Sources */ = {isa = PBXBuildFile; fileRef = CC2AC488A4583BA62DC0C80A /* DashboardView.swift */; };
		2133896093D678421C560CE5 /* Assets.xcassets in Resources */ = {isa = PBXBuildFile; fileRef = 6468129FC9D767B07BAAB760 /* Assets.xcassets */; };
		21922DF10EA344BDB9335FBA /* VerificationResult.swift in Sources */ = {isa = PBXBuildFile; fileRef = CBAB7E9F4A2111F22E9C1132 /* VerificationResult.swift */; };
		24824E01C210511608B1820F /* Logger.swift in Sources */ = {isa = PBXBuildFile; fileRef = 40EF5CAA0D65467A9DCD850E /* Logger.swift */; };
		27F4AAF3EF6A4876A508035D /* CameraView.swift in Sources */ = {isa = PBXBuildFile; fileRef = 0485A8D6D68343FC3E59BE20 /* CameraView.swift */; };
		2A8447D7C9F7284723922D4D /* HistoryView.swift in Sources */ = {isa = PBXBuildFile; fileRef = D7CD27C79BD82A277FDF593E /* HistoryView.swift */; };
		2B7E8106E35DF7FB2406B52B /* AppScreen.swift in Sources */ = {isa = PBXBuildFile; fileRef = 0F837CB8B9AB02E6067C7A0D /* AppScreen.swift */; };
		33381EDF9123FB6FD1CD4D77 /* CrashReportingService.swift in Sources */ = {isa = PBXBuildFile; fileRef = 8578A39DCB75C6F2FCD690AF /* CrashReportingService.swift */; };
		344291CEE140F868F09661A8 /* MigrationManager.swift in Sources */ = {isa = PBXBuildFile; fileRef = B502D69BDFD183D6AB140577 /* MigrationManager.swift */; };
		3796BBBB023F2FDBDF2C4D09 /* OnboardingView.swift in Sources */ = {isa = PBXBuildFile; fileRef = 057E690E946F7B40FDCCDA21 /* OnboardingView.swift */; };
		3E47A6B089C95465AF967F56 /* TextEntryView.swift in Sources */ = {isa = PBXBuildFile; fileRef = 181147FD5FEB1AE6244D2CE5 /* TextEntryView.swift */; };
		3EE5982C81661ADCA7FF8180 /* GoogleSignIn in Frameworks */ = {isa = PBXBuildFile; productRef = 594D2249590A3D0670CB069C /* GoogleSignIn */; };
		43FD81844A20AED0658247A2 /* LiveActivityManager.swift in Sources */ = {isa = PBXBuildFile; fileRef = AA3ABA042475C32843F05A07 /* LiveActivityManager.swift */; };
		4536987E4D02514E625C49EA /* SDModels.swift in Sources */ = {isa = PBXBuildFile; fileRef = DACC698ADA5AC3BD5172F402 /* SDModels.swift */; };
		49797C886BDE9E1940FB196E /* PaywallView.swift in Sources */ = {isa = PBXBuildFile; fileRef = D02803BF9F11FE07F6AAC89F /* PaywallView.swift */; };
		4A5710E479D06D630AA72C63 /* LockInDayButton.swift in Sources */ = {isa = PBXBuildFile; fileRef = 72CB2983A22CF5E76AF1B5F9 /* LockInDayButton.swift */; };
		4F8B9E2348E476753CB676DC /* AchievementUnlockCelebrationView.swift in Sources */ = {isa = PBXBuildFile; fileRef = C2E54E976D1FF8F9EA53439A /* AchievementUnlockCelebrationView.swift */; };
		54FA492C5A39656B4085053E /* Config.swift in Sources */ = {isa = PBXBuildFile; fileRef = DF851795EA491C844DB4CB0F /* Config.swift */; };
		5644616FBAC2D42C2FDF6EA9 /* CalendarView.swift in Sources */ = {isa = PBXBuildFile; fileRef = 970A6074B025718639B71CD8 /* CalendarView.swift */; };
		6031A8E7FBCF73E867AFF486 /* WeekProgressView.swift in Sources */ = {isa = PBXBuildFile; fileRef = 09D1428911FA711F907BD661 /* WeekProgressView.swift */; };
		6719BEC4E63521EB4A608327 /* StreakData.swift in Sources */ = {isa = PBXBuildFile; fileRef = 409E65E8F18D6482BECDE992 /* StreakData.swift */; };
		6FE2DF4394E7D7DDAB1FEFEC /* StorageService.swift in Sources */ = {isa = PBXBuildFile; fileRef = F6CB434AF33E074D379634A1 /* StorageService.swift */; };
		7BD498619EFA0FB8AF85197A /* MorningProofApp.swift in Sources */ = {isa = PBXBuildFile; fileRef = 9BF09672A32F9537DEA126F2 /* MorningProofApp.swift */; };
		7E418C3D406BD4CF55FEDCB0 /* HealthKitManager.swift in Sources */ = {isa = PBXBuildFile; fileRef = 45320FE654524C5D5E1E5DAB /* HealthKitManager.swift */; };
		833D5653CA9D048A825022F0 /* StatisticsView.swift in Sources */ = {isa = PBXBuildFile; fileRef = 6E5C947A53D3ED2E7E4429DC /* StatisticsView.swift */; };
		8A73EDB50691D83750238933 /* AppLockingSettingsView.swift in Sources */ = {isa = PBXBuildFile; fileRef = 98F7C96CFA7B8BB0B31A689B /* AppLockingSettingsView.swift */; };
		8D47A4A0AA31EE1DE7B1FE8B /* SettingsView.swift in Sources */ = {isa = PBXBuildFile; fileRef = 6F3BC6C90412C82E51911D42 /* SettingsView.swift */; };
		8F393BE460FE423B9988B32F /* MPSectionHeader.swift in Sources */ = {isa = PBXBuildFile; fileRef = 603909AC06F05273C6FEE9B5 /* MPSectionHeader.swift */; };
		9B28F63F6BA355BC8549CCDE /* AnimatedCheckmark.swift in Sources */ = {isa = PBXBuildFile; fileRef = FD94B832A13E326308B8FA59 /* AnimatedCheckmark.swift */; };
		9C279E61C28BB614804CF8F2 /* MorningProofSettingsView.swift in Sources */ = {isa = PBXBuildFile; fileRef = F0B9FDBE3AE50AD8B9FF254E /* MorningProofSettingsView.swift */; };
		A693DB546892E62EC3680F62 /* MPCard.swift in Sources */ = {isa = PBXBuildFile; fileRef = 269A2CFCAE1171B58D22D159 /* MPCard.swift */; };
		A848848117EC771FADA59848 /* MorningProofTests.swift in Sources */ = {isa = PBXBuildFile; fileRef = 26DD32D63E8FE38ACE677138 /* MorningProofTests.swift */; };
		A9F2EDAB691DC8E3E3CD7562 /* AuthenticationManager.swift in Sources */ = {isa = PBXBuildFile; fileRef = D5E69D302A0B51B6FB192325 /* AuthenticationManager.swift */; };
		AB85ACB26AA53D8DBDE100AA /* ThemeManager.swift in Sources */ = {isa = PBXBuildFile; fileRef = EAD687A88A1B0CF71F2FE22E /* ThemeManager.swift */; };
		ABBF0DBE58648518E50AD7F1 /* MainTabView.swift in Sources */ = {isa = PBXBuildFile; fileRef = DE890A687A08557248003945 /* MainTabView.swift */; };
		AFA8B849ADBDD3630E423726 /* AnalyzingView.swift in Sources */ = {isa = PBXBuildFile; fileRef = 0057056402FE468C2C62746B /* AnalyzingView.swift */; };
		AFAB237BFE94B237C1FC5E83 /* MPButton.swift in Sources */ = {isa = PBXBuildFile; fileRef = ECA15CD82E35AFFFCE2A958F /* MPButton.swift */; };
		B3F0CE847CD8A79271D34877 /* StreakHeroCard.swift in Sources */ = {isa = PBXBuildFile; fileRef = 3C15180C19687B347FEEB70A /* StreakHeroCard.swift */; };
		CE1EF895259597917931AAE6 /* SleepInputSheet.swift in Sources */ = {isa = PBXBuildFile; fileRef = 99C4FE9C0053F5EF06E3627E /* SleepInputSheet.swift */; };
		D3C793EA612FDC1D7559179C /* BedVerificationViewModel.swift in Sources */ = {isa = PBXBuildFile; fileRef = D2F83B19AF9DE30549488D5E /* BedVerificationViewModel.swift */; };
		E0B79D3BD4A09312B7B7474E /* SubscriptionManager.swift in Sources */ = {isa = PBXBuildFile; fileRef = F2BD1E06B3D20A9B6EC62A6B /* SubscriptionManager.swift */; };
		E7F81CF6C5DBD9CA3AD4984A /* StreakRecoveryView.swift in Sources */ = {isa = PBXBuildFile; fileRef = 42181A5E811AA2D681B49175 /* StreakRecoveryView.swift */; };
		E88801836A1DB6F71FAFD876 /* PrivacyInfo.xcprivacy in Resources */ = {isa = PBXBuildFile; fileRef = 3E6195A35AD0E213F5500174 /* PrivacyInfo.xcprivacy */; };
		E9A1FC8931F54A8A03C22729 /* WelcomeView.swift in Sources */ = {isa = PBXBuildFile; fileRef = 99ADA9C532210DD45EDA8B43 /* WelcomeView.swift */; };
		ED80EC39FD2965B333865034 /* Theme.swift in Sources */ = {isa = PBXBuildFile; fileRef = BD685B51A8DBDF220310D798 /* Theme.swift */; };
		EE04C57AB9C08DC671F8C253 /* MorningProofManager.swift in Sources */ = {isa = PBXBuildFile; fileRef = B7F2E823A115DD27CDAE3660 /* MorningProofManager.swift */; };
		EF2D7DA739854F610782EAEE /* BedCameraView.swift in Sources */ = {isa = PBXBuildFile; fileRef = 617CF4D8D07A725BD2CBF808 /* BedCameraView.swift */; };
		EF6FDEC703A4DB6CB397A6EA /* MiniConfettiView.swift in Sources */ = {isa = PBXBuildFile; fileRef = 4721A0F6D815690A22663A52 /* MiniConfettiView.swift */; };
		F166A3343644A9AC4F21F125 /* FirebaseAnalytics in Frameworks */ = {isa = PBXBuildFile; productRef = EF2862FACBA6297E47C7CCDC /* FirebaseAnalytics */; };
		F69774C99B74F6A32D563AE4 /* ImagePicker.swift in Sources */ = {isa = PBXBuildFile; fileRef = 5E13CCA5BD11D73F26A5DCFD /* ImagePicker.swift */; };
		F9057F0A326F15BFE632754F /* Achievement.swift in Sources */ = {isa = PBXBuildFile; fileRef = 01A28620D171F48C0B935B7C /* Achievement.swift */; };
		FBC53C28FE3C647ABD28D688 /* AchievementsView.swift in Sources */ = {isa = PBXBuildFile; fileRef = 3671DB51C5213888E586A8D3 /* AchievementsView.swift */; };
		FCB05BEBDBA8C8AF5CC8A788 /* UserSettings.swift in Sources */ = {isa = PBXBuildFile; fileRef = 5CD129FC6CB536710C7F464C /* UserSettings.swift */; };
		FE0AF8A5837165E0CC89F30F /* NotificationManager.swift in Sources */ = {isa = PBXBuildFile; fileRef = 6711E8B3FC3C7118542CE8D8 /* NotificationManager.swift */; };
		FEE0E45CB5F8F4BC268C66B5 /* MorningProofUITests.swift in Sources */ = {isa = PBXBuildFile; fileRef = 7281A4F93258C56469EB73AD /* MorningProofUITests.swift */; };
/* End PBXBuildFile section */

/* Begin PBXContainerItemProxy section */
		6D2D7EDED402198DD076634A /* PBXContainerItemProxy */ = {
			isa = PBXContainerItemProxy;
			containerPortal = 8D5F97C7D8727313505E8661 /* Project object */;
			proxyType = 1;
			remoteGlobalIDString = 81A9B07749BFDE7F645FB8A6;
			remoteInfo = MorningProof;
		};
		6D587CB4572082B6C6CA9966 /* PBXContainerItemProxy */ = {
			isa = PBXContainerItemProxy;
			containerPortal = 8D5F97C7D8727313505E8661 /* Project object */;
			proxyType = 1;
			remoteGlobalIDString = 81A9B07749BFDE7F645FB8A6;
			remoteInfo = MorningProof;
		};
/* End PBXContainerItemProxy section */

/* Begin PBXFileReference section */
		0057056402FE468C2C62746B /* AnalyzingView.swift */ = {isa = PBXFileReference; lastKnownFileType = sourcecode.swift; path = AnalyzingView.swift; sourceTree = "<group>"; };
		01A28620D171F48C0B935B7C /* Achievement.swift */ = {isa = PBXFileReference; lastKnownFileType = sourcecode.swift; path = Achievement.swift; sourceTree = "<group>"; };
		0485A8D6D68343FC3E59BE20 /* CameraView.swift */ = {isa = PBXFileReference; lastKnownFileType = sourcecode.swift; path = CameraView.swift; sourceTree = "<group>"; };
		057E690E946F7B40FDCCDA21 /* OnboardingView.swift */ = {isa = PBXFileReference; lastKnownFileType = sourcecode.swift; path = OnboardingView.swift; sourceTree = "<group>"; };
		0981D9827F6FBBF7C421AF40 /* HomeView.swift */ = {isa = PBXFileReference; lastKnownFileType = sourcecode.swift; path = HomeView.swift; sourceTree = "<group>"; };
		09D1428911FA711F907BD661 /* WeekProgressView.swift */ = {isa = PBXFileReference; lastKnownFileType = sourcecode.swift; path = WeekProgressView.swift; sourceTree = "<group>"; };
		0CC971B9B3913369B47A9E13 /* ClaudeAPIService.swift */ = {isa = PBXFileReference; lastKnownFileType = sourcecode.swift; path = ClaudeAPIService.swift; sourceTree = "<group>"; };
		0F837CB8B9AB02E6067C7A0D /* AppScreen.swift */ = {isa = PBXFileReference; lastKnownFileType = sourcecode.swift; path = AppScreen.swift; sourceTree = "<group>"; };
		12F95EE09D2BCAE3E92C8A2C /* JournalEntryView.swift */ = {isa = PBXFileReference; lastKnownFileType = sourcecode.swift; path = JournalEntryView.swift; sourceTree = "<group>"; };
		15EC275316179F5B053E106D /* MorningProofTests.xctest */ = {isa = PBXFileReference; includeInIndex = 0; lastKnownFileType = wrapper.cfbundle; path = MorningProofTests.xctest; sourceTree = BUILT_PRODUCTS_DIR; };
		181147FD5FEB1AE6244D2CE5 /* TextEntryView.swift */ = {isa = PBXFileReference; lastKnownFileType = sourcecode.swift; path = TextEntryView.swift; sourceTree = "<group>"; };
		269A2CFCAE1171B58D22D159 /* MPCard.swift */ = {isa = PBXFileReference; lastKnownFileType = sourcecode.swift; path = MPCard.swift; sourceTree = "<group>"; };
		26DD32D63E8FE38ACE677138 /* MorningProofTests.swift */ = {isa = PBXFileReference; lastKnownFileType = sourcecode.swift; path = MorningProofTests.swift; sourceTree = "<group>"; };
		31829E839CB0EF10ACAE7270 /* ProgressHeroCard.swift */ = {isa = PBXFileReference; lastKnownFileType = sourcecode.swift; path = ProgressHeroCard.swift; sourceTree = "<group>"; };
		331D095D20B8493DF02B55AA /* Habit.swift */ = {isa = PBXFileReference; lastKnownFileType = sourcecode.swift; path = Habit.swift; sourceTree = "<group>"; };
		3671DB51C5213888E586A8D3 /* AchievementsView.swift */ = {isa = PBXFileReference; lastKnownFileType = sourcecode.swift; path = AchievementsView.swift; sourceTree = "<group>"; };
		395EC9D9A1933D5A7967F8DB /* Config.example */ = {isa = PBXFileReference; path = Config.example; sourceTree = "<group>"; };
		3C15180C19687B347FEEB70A /* StreakHeroCard.swift */ = {isa = PBXFileReference; lastKnownFileType = sourcecode.swift; path = StreakHeroCard.swift; sourceTree = "<group>"; };
		3E6195A35AD0E213F5500174 /* PrivacyInfo.xcprivacy */ = {isa = PBXFileReference; path = PrivacyInfo.xcprivacy; sourceTree = "<group>"; };
		409E65E8F18D6482BECDE992 /* StreakData.swift */ = {isa = PBXFileReference; lastKnownFileType = sourcecode.swift; path = StreakData.swift; sourceTree = "<group>"; };
		40EF5CAA0D65467A9DCD850E /* Logger.swift */ = {isa = PBXFileReference; lastKnownFileType = sourcecode.swift; path = Logger.swift; sourceTree = "<group>"; };
		42181A5E811AA2D681B49175 /* StreakRecoveryView.swift */ = {isa = PBXFileReference; lastKnownFileType = sourcecode.swift; path = StreakRecoveryView.swift; sourceTree = "<group>"; };
		45320FE654524C5D5E1E5DAB /* HealthKitManager.swift */ = {isa = PBXFileReference; lastKnownFileType = sourcecode.swift; path = HealthKitManager.swift; sourceTree = "<group>"; };
		4721A0F6D815690A22663A52 /* MiniConfettiView.swift */ = {isa = PBXFileReference; lastKnownFileType = sourcecode.swift; path = MiniConfettiView.swift; sourceTree = "<group>"; };
		4797CBFCF503EAAE33686D29 /* MorningProof.entitlements */ = {isa = PBXFileReference; lastKnownFileType = text.plist.entitlements; path = MorningProof.entitlements; sourceTree = "<group>"; };
		4C7C2841126F9197EED1AA57 /* ResultView.swift */ = {isa = PBXFileReference; lastKnownFileType = sourcecode.swift; path = ResultView.swift; sourceTree = "<group>"; };
		5CD129FC6CB536710C7F464C /* UserSettings.swift */ = {isa = PBXFileReference; lastKnownFileType = sourcecode.swift; path = UserSettings.swift; sourceTree = "<group>"; };
		5E13CCA5BD11D73F26A5DCFD /* ImagePicker.swift */ = {isa = PBXFileReference; lastKnownFileType = sourcecode.swift; path = ImagePicker.swift; sourceTree = "<group>"; };
		603909AC06F05273C6FEE9B5 /* MPSectionHeader.swift */ = {isa = PBXFileReference; lastKnownFileType = sourcecode.swift; path = MPSectionHeader.swift; sourceTree = "<group>"; };
		617CF4D8D07A725BD2CBF808 /* BedCameraView.swift */ = {isa = PBXFileReference; lastKnownFileType = sourcecode.swift; path = BedCameraView.swift; sourceTree = "<group>"; };
		6468129FC9D767B07BAAB760 /* Assets.xcassets */ = {isa = PBXFileReference; lastKnownFileType = folder.assetcatalog; path = Assets.xcassets; sourceTree = "<group>"; };
		6711E8B3FC3C7118542CE8D8 /* NotificationManager.swift */ = {isa = PBXFileReference; lastKnownFileType = sourcecode.swift; path = NotificationManager.swift; sourceTree = "<group>"; };
		6E5C947A53D3ED2E7E4429DC /* StatisticsView.swift */ = {isa = PBXFileReference; lastKnownFileType = sourcecode.swift; path = StatisticsView.swift; sourceTree = "<group>"; };
		6F3BC6C90412C82E51911D42 /* SettingsView.swift */ = {isa = PBXFileReference; lastKnownFileType = sourcecode.swift; path = SettingsView.swift; sourceTree = "<group>"; };
		7281A4F93258C56469EB73AD /* MorningProofUITests.swift */ = {isa = PBXFileReference; lastKnownFileType = sourcecode.swift; path = MorningProofUITests.swift; sourceTree = "<group>"; };
		72CB2983A22CF5E76AF1B5F9 /* LockInDayButton.swift */ = {isa = PBXFileReference; lastKnownFileType = sourcecode.swift; path = LockInDayButton.swift; sourceTree = "<group>"; };
		8578A39DCB75C6F2FCD690AF /* CrashReportingService.swift */ = {isa = PBXFileReference; lastKnownFileType = sourcecode.swift; path = CrashReportingService.swift; sourceTree = "<group>"; };
		88B5D7D38090D80E9DF411AA /* HapticManager.swift */ = {isa = PBXFileReference; lastKnownFileType = sourcecode.swift; path = HapticManager.swift; sourceTree = "<group>"; };
		8A3458FD1116625E1A9A91CB /* MorningProof.app */ = {isa = PBXFileReference; includeInIndex = 0; lastKnownFileType = wrapper.application; path = MorningProof.app; sourceTree = BUILT_PRODUCTS_DIR; };
		8C22EBE644AB4E2F728ABCD7 /* MorningProofUITests.xctest */ = {isa = PBXFileReference; includeInIndex = 0; lastKnownFileType = wrapper.cfbundle; path = MorningProofUITests.xctest; sourceTree = BUILT_PRODUCTS_DIR; };
		970A6074B025718639B71CD8 /* CalendarView.swift */ = {isa = PBXFileReference; lastKnownFileType = sourcecode.swift; path = CalendarView.swift; sourceTree = "<group>"; };
		98F7C96CFA7B8BB0B31A689B /* AppLockingSettingsView.swift */ = {isa = PBXFileReference; lastKnownFileType = sourcecode.swift; path = AppLockingSettingsView.swift; sourceTree = "<group>"; };
		99ADA9C532210DD45EDA8B43 /* WelcomeView.swift */ = {isa = PBXFileReference; lastKnownFileType = sourcecode.swift; path = WelcomeView.swift; sourceTree = "<group>"; };
		99C4FE9C0053F5EF06E3627E /* SleepInputSheet.swift */ = {isa = PBXFileReference; lastKnownFileType = sourcecode.swift; path = SleepInputSheet.swift; sourceTree = "<group>"; };
		9BF09672A32F9537DEA126F2 /* MorningProofApp.swift */ = {isa = PBXFileReference; lastKnownFileType = sourcecode.swift; path = MorningProofApp.swift; sourceTree = "<group>"; };
		AA3ABA042475C32843F05A07 /* LiveActivityManager.swift */ = {isa = PBXFileReference; lastKnownFileType = sourcecode.swift; path = LiveActivityManager.swift; sourceTree = "<group>"; };
		B502D69BDFD183D6AB140577 /* MigrationManager.swift */ = {isa = PBXFileReference; lastKnownFileType = sourcecode.swift; path = MigrationManager.swift; sourceTree = "<group>"; };
		B7F2E823A115DD27CDAE3660 /* MorningProofManager.swift */ = {isa = PBXFileReference; lastKnownFileType = sourcecode.swift; path = MorningProofManager.swift; sourceTree = "<group>"; };
		B9512DA434D53924F8D22A7D /* SideMenuView.swift */ = {isa = PBXFileReference; lastKnownFileType = sourcecode.swift; path = SideMenuView.swift; sourceTree = "<group>"; };
		BD685B51A8DBDF220310D798 /* Theme.swift */ = {isa = PBXFileReference; lastKnownFileType = sourcecode.swift; path = Theme.swift; sourceTree = "<group>"; };
		C2E54E976D1FF8F9EA53439A /* AchievementUnlockCelebrationView.swift */ = {isa = PBXFileReference; lastKnownFileType = sourcecode.swift; path = AchievementUnlockCelebrationView.swift; sourceTree = "<group>"; };
		CBAB7E9F4A2111F22E9C1132 /* VerificationResult.swift */ = {isa = PBXFileReference; lastKnownFileType = sourcecode.swift; path = VerificationResult.swift; sourceTree = "<group>"; };
		CC2AC488A4583BA62DC0C80A /* DashboardView.swift */ = {isa = PBXFileReference; lastKnownFileType = sourcecode.swift; path = DashboardView.swift; sourceTree = "<group>"; };
		D02803BF9F11FE07F6AAC89F /* PaywallView.swift */ = {isa = PBXFileReference; lastKnownFileType = sourcecode.swift; path = PaywallView.swift; sourceTree = "<group>"; };
		D2F83B19AF9DE30549488D5E /* BedVerificationViewModel.swift */ = {isa = PBXFileReference; lastKnownFileType = sourcecode.swift; path = BedVerificationViewModel.swift; sourceTree = "<group>"; };
		D5E69D302A0B51B6FB192325 /* AuthenticationManager.swift */ = {isa = PBXFileReference; lastKnownFileType = sourcecode.swift; path = AuthenticationManager.swift; sourceTree = "<group>"; };
		D7CD27C79BD82A277FDF593E /* HistoryView.swift */ = {isa = PBXFileReference; lastKnownFileType = sourcecode.swift; path = HistoryView.swift; sourceTree = "<group>"; };
		DACC698ADA5AC3BD5172F402 /* SDModels.swift */ = {isa = PBXFileReference; lastKnownFileType = sourcecode.swift; path = SDModels.swift; sourceTree = "<group>"; };
		DD60A520941A2DB8D2588F53 /* Info.plist */ = {isa = PBXFileReference; lastKnownFileType = text.plist; path = Info.plist; sourceTree = "<group>"; };
		DE890A687A08557248003945 /* MainTabView.swift */ = {isa = PBXFileReference; lastKnownFileType = sourcecode.swift; path = MainTabView.swift; sourceTree = "<group>"; };
		DF851795EA491C844DB4CB0F /* Config.swift */ = {isa = PBXFileReference; lastKnownFileType = sourcecode.swift; path = Config.swift; sourceTree = "<group>"; };
		E061493F2CFA221111F36339 /* LockInCelebrationView.swift */ = {isa = PBXFileReference; lastKnownFileType = sourcecode.swift; path = LockInCelebrationView.swift; sourceTree = "<group>"; };
		E8BEB02535C2B978DE0AB307 /* OnboardingFlowView.swift */ = {isa = PBXFileReference; lastKnownFileType = sourcecode.swift; path = OnboardingFlowView.swift; sourceTree = "<group>"; };
		EAD687A88A1B0CF71F2FE22E /* ThemeManager.swift */ = {isa = PBXFileReference; lastKnownFileType = sourcecode.swift; path = ThemeManager.swift; sourceTree = "<group>"; };
		ECA15CD82E35AFFFCE2A958F /* MPButton.swift */ = {isa = PBXFileReference; lastKnownFileType = sourcecode.swift; path = MPButton.swift; sourceTree = "<group>"; };
		F0B9FDBE3AE50AD8B9FF254E /* MorningProofSettingsView.swift */ = {isa = PBXFileReference; lastKnownFileType = sourcecode.swift; path = MorningProofSettingsView.swift; sourceTree = "<group>"; };
		F2BD1E06B3D20A9B6EC62A6B /* SubscriptionManager.swift */ = {isa = PBXFileReference; lastKnownFileType = sourcecode.swift; path = SubscriptionManager.swift; sourceTree = "<group>"; };
		F6CB434AF33E074D379634A1 /* StorageService.swift */ = {isa = PBXFileReference; lastKnownFileType = sourcecode.swift; path = StorageService.swift; sourceTree = "<group>"; };
		FD94B832A13E326308B8FA59 /* AnimatedCheckmark.swift */ = {isa = PBXFileReference; lastKnownFileType = sourcecode.swift; path = AnimatedCheckmark.swift; sourceTree = "<group>"; };
		8EE88E5992304F1481D285CC /* SocialProofCounter.swift */ = {isa = PBXFileReference; lastKnownFileType = sourcecode.swift; path = SocialProofCounter.swift; sourceTree = "<group>"; };
		CD410FA69DCB4860BDF07B2C /* TestimonialCard.swift */ = {isa = PBXFileReference; lastKnownFileType = sourcecode.swift; path = TestimonialCard.swift; sourceTree = "<group>"; };
		CF811DBCB19648E8A575CA4B /* StatisticHeroCard.swift */ = {isa = PBXFileReference; lastKnownFileType = sourcecode.swift; path = StatisticHeroCard.swift; sourceTree = "<group>"; };
		446F3BA2F4B54657902BCCC4 /* EnhancedPlanCard.swift */ = {isa = PBXFileReference; lastKnownFileType = sourcecode.swift; path = EnhancedPlanCard.swift; sourceTree = "<group>"; };
		E268BC843CC34E2480A0924B /* ProgressGraphView.swift */ = {isa = PBXFileReference; lastKnownFileType = sourcecode.swift; path = ProgressGraphView.swift; sourceTree = "<group>"; };
/* End PBXFileReference section */

/* Begin PBXFrameworksBuildPhase section */
		73E3AF7D46517FAEB9FEE6E4 /* Frameworks */ = {
			isa = PBXFrameworksBuildPhase;
			buildActionMask = 2147483647;
			files = (
				0A3D6E8D94AB52F80409BACE /* FirebaseCrashlytics in Frameworks */,
				F166A3343644A9AC4F21F125 /* FirebaseAnalytics in Frameworks */,
				3EE5982C81661ADCA7FF8180 /* GoogleSignIn in Frameworks */,
			);
			runOnlyForDeploymentPostprocessing = 0;
		};
/* End PBXFrameworksBuildPhase section */

/* Begin PBXGroup section */
		1843E6E113FAED24331F6AD4 /* Onboarding */ = {
			isa = PBXGroup;
			children = (
				37DDB59E971E47EA873239F6 /* Components */,
				E8BEB02535C2B978DE0AB307 /* OnboardingFlowView.swift */,
			);
			path = Onboarding;
			sourceTree = "<group>";
		};
		3AD3A9ECCDA8B361926C387D /* Models */ = {
			isa = PBXGroup;
			children = (
				01A28620D171F48C0B935B7C /* Achievement.swift */,
				0F837CB8B9AB02E6067C7A0D /* AppScreen.swift */,
				331D095D20B8493DF02B55AA /* Habit.swift */,
				409E65E8F18D6482BECDE992 /* StreakData.swift */,
				5CD129FC6CB536710C7F464C /* UserSettings.swift */,
				CBAB7E9F4A2111F22E9C1132 /* VerificationResult.swift */,
				9A5CB2315212DDEFD17BEF11 /* SwiftData */,
			);
			path = Models;
			sourceTree = "<group>";
		};
		4B26539C9EC750109D71F8EA = {
			isa = PBXGroup;
			children = (
				85BE937BCA357F9916B8D0CF /* MorningProof */,
				BBD2BA31B411CF895D0F9454 /* MorningProofTests */,
				BB3DEDB15BF94066A00EF614 /* MorningProofUITests */,
				FB19F3A004E728EDBDAE044F /* Products */,
			);
			sourceTree = "<group>";
		};
		79087C5AF015EEBADE5D05B4 /* Components */ = {
			isa = PBXGroup;
			children = (
				C2E54E976D1FF8F9EA53439A /* AchievementUnlockCelebrationView.swift */,
				FD94B832A13E326308B8FA59 /* AnimatedCheckmark.swift */,
				E061493F2CFA221111F36339 /* LockInCelebrationView.swift */,
				72CB2983A22CF5E76AF1B5F9 /* LockInDayButton.swift */,
				4721A0F6D815690A22663A52 /* MiniConfettiView.swift */,
				ECA15CD82E35AFFFCE2A958F /* MPButton.swift */,
				269A2CFCAE1171B58D22D159 /* MPCard.swift */,
				603909AC06F05273C6FEE9B5 /* MPSectionHeader.swift */,
				31829E839CB0EF10ACAE7270 /* ProgressHeroCard.swift */,
				B9512DA434D53924F8D22A7D /* SideMenuView.swift */,
				99C4FE9C0053F5EF06E3627E /* SleepInputSheet.swift */,
				3C15180C19687B347FEEB70A /* StreakHeroCard.swift */,
				09D1428911FA711F907BD661 /* WeekProgressView.swift */,
			);
			path = Components;
			sourceTree = "<group>";
		};
		7C89DEB5756E008480FDD629 /* Services */ = {
			isa = PBXGroup;
			children = (
				D5E69D302A0B51B6FB192325 /* AuthenticationManager.swift */,
				0CC971B9B3913369B47A9E13 /* ClaudeAPIService.swift */,
				395EC9D9A1933D5A7967F8DB /* Config.example */,
				DF851795EA491C844DB4CB0F /* Config.swift */,
				8578A39DCB75C6F2FCD690AF /* CrashReportingService.swift */,
				88B5D7D38090D80E9DF411AA /* HapticManager.swift */,
				45320FE654524C5D5E1E5DAB /* HealthKitManager.swift */,
				AA3ABA042475C32843F05A07 /* LiveActivityManager.swift */,
				40EF5CAA0D65467A9DCD850E /* Logger.swift */,
				B502D69BDFD183D6AB140577 /* MigrationManager.swift */,
				B7F2E823A115DD27CDAE3660 /* MorningProofManager.swift */,
				6711E8B3FC3C7118542CE8D8 /* NotificationManager.swift */,
				F6CB434AF33E074D379634A1 /* StorageService.swift */,
				F2BD1E06B3D20A9B6EC62A6B /* SubscriptionManager.swift */,
			);
			path = Services;
			sourceTree = "<group>";
		};
		85BE937BCA357F9916B8D0CF /* MorningProof */ = {
			isa = PBXGroup;
			children = (
				D353527EA1459ABB6642D481 /* App */,
				3AD3A9ECCDA8B361926C387D /* Models */,
				C74E8EC23D91E0CAB0E9B871 /* Resources */,
				7C89DEB5756E008480FDD629 /* Services */,
				BD1CC9ACDA0B278C3DE3C6AD /* Theme */,
				97B3868C918279F50DBB96A1 /* ViewModels */,
				87BBE4B9F80664016795B976 /* Views */,
			);
			path = MorningProof;
			sourceTree = "<group>";
		};
		87BBE4B9F80664016795B976 /* Views */ = {
			isa = PBXGroup;
			children = (
				3671DB51C5213888E586A8D3 /* AchievementsView.swift */,
				0057056402FE468C2C62746B /* AnalyzingView.swift */,
				98F7C96CFA7B8BB0B31A689B /* AppLockingSettingsView.swift */,
				617CF4D8D07A725BD2CBF808 /* BedCameraView.swift */,
				970A6074B025718639B71CD8 /* CalendarView.swift */,
				0485A8D6D68343FC3E59BE20 /* CameraView.swift */,
				CC2AC488A4583BA62DC0C80A /* DashboardView.swift */,
				D7CD27C79BD82A277FDF593E /* HistoryView.swift */,
				0981D9827F6FBBF7C421AF40 /* HomeView.swift */,
				5E13CCA5BD11D73F26A5DCFD /* ImagePicker.swift */,
				12F95EE09D2BCAE3E92C8A2C /* JournalEntryView.swift */,
				DE890A687A08557248003945 /* MainTabView.swift */,
				F0B9FDBE3AE50AD8B9FF254E /* MorningProofSettingsView.swift */,
				057E690E946F7B40FDCCDA21 /* OnboardingView.swift */,
				D02803BF9F11FE07F6AAC89F /* PaywallView.swift */,
				4C7C2841126F9197EED1AA57 /* ResultView.swift */,
				6F3BC6C90412C82E51911D42 /* SettingsView.swift */,
				6E5C947A53D3ED2E7E4429DC /* StatisticsView.swift */,
				42181A5E811AA2D681B49175 /* StreakRecoveryView.swift */,
				181147FD5FEB1AE6244D2CE5 /* TextEntryView.swift */,
				99ADA9C532210DD45EDA8B43 /* WelcomeView.swift */,
				79087C5AF015EEBADE5D05B4 /* Components */,
				1843E6E113FAED24331F6AD4 /* Onboarding */,
			);
			path = Views;
			sourceTree = "<group>";
		};
		97B3868C918279F50DBB96A1 /* ViewModels */ = {
			isa = PBXGroup;
			children = (
				D2F83B19AF9DE30549488D5E /* BedVerificationViewModel.swift */,
			);
			path = ViewModels;
			sourceTree = "<group>";
		};
		9A5CB2315212DDEFD17BEF11 /* SwiftData */ = {
			isa = PBXGroup;
			children = (
				DACC698ADA5AC3BD5172F402 /* SDModels.swift */,
			);
			path = SwiftData;
			sourceTree = "<group>";
		};
		BB3DEDB15BF94066A00EF614 /* MorningProofUITests */ = {
			isa = PBXGroup;
			children = (
				7281A4F93258C56469EB73AD /* MorningProofUITests.swift */,
			);
			path = MorningProofUITests;
			sourceTree = "<group>";
		};
		BBD2BA31B411CF895D0F9454 /* MorningProofTests */ = {
			isa = PBXGroup;
			children = (
				26DD32D63E8FE38ACE677138 /* MorningProofTests.swift */,
			);
			path = MorningProofTests;
			sourceTree = "<group>";
		};
		BD1CC9ACDA0B278C3DE3C6AD /* Theme */ = {
			isa = PBXGroup;
			children = (
				BD685B51A8DBDF220310D798 /* Theme.swift */,
				EAD687A88A1B0CF71F2FE22E /* ThemeManager.swift */,
			);
			path = Theme;
			sourceTree = "<group>";
		};
		C74E8EC23D91E0CAB0E9B871 /* Resources */ = {
			isa = PBXGroup;
			children = (
				6468129FC9D767B07BAAB760 /* Assets.xcassets */,
				DD60A520941A2DB8D2588F53 /* Info.plist */,
				4797CBFCF503EAAE33686D29 /* MorningProof.entitlements */,
				3E6195A35AD0E213F5500174 /* PrivacyInfo.xcprivacy */,
			);
			path = Resources;
			sourceTree = "<group>";
		};
		D353527EA1459ABB6642D481 /* App */ = {
			isa = PBXGroup;
			children = (
				9BF09672A32F9537DEA126F2 /* MorningProofApp.swift */,
			);
			path = App;
			sourceTree = "<group>";
		};
		FB19F3A004E728EDBDAE044F /* Products */ = {
			isa = PBXGroup;
			children = (
				8A3458FD1116625E1A9A91CB /* MorningProof.app */,
				15EC275316179F5B053E106D /* MorningProofTests.xctest */,
				8C22EBE644AB4E2F728ABCD7 /* MorningProofUITests.xctest */,
			);
			name = Products;
			sourceTree = "<group>";
		};
		37DDB59E971E47EA873239F6 /* Components */ = {
			isa = PBXGroup;
			children = (
				8EE88E5992304F1481D285CC /* SocialProofCounter.swift */,
				CD410FA69DCB4860BDF07B2C /* TestimonialCard.swift */,
				CF811DBCB19648E8A575CA4B /* StatisticHeroCard.swift */,
				446F3BA2F4B54657902BCCC4 /* EnhancedPlanCard.swift */,
				E268BC843CC34E2480A0924B /* ProgressGraphView.swift */,
			);
			path = Components;
			sourceTree = "<group>";
		};
/* End PBXGroup section */

/* Begin PBXNativeTarget section */
		1AEF9319E66D9B5FEECB0E9F /* MorningProofTests */ = {
			isa = PBXNativeTarget;
			buildConfigurationList = 774DA33577A9F0EFF844AA35 /* Build configuration list for PBXNativeTarget "MorningProofTests" */;
			buildPhases = (
				6C597FDE9B3CDF6D755FF342 /* Sources */,
			);
			buildRules = (
			);
			dependencies = (
				FFEAB1C0E3BD0383AAEF1CA7 /* PBXTargetDependency */,
			);
			name = MorningProofTests;
			packageProductDependencies = (
			);
			productName = MorningProofTests;
			productReference = 15EC275316179F5B053E106D /* MorningProofTests.xctest */;
			productType = "com.apple.product-type.bundle.unit-test";
		};
		81A9B07749BFDE7F645FB8A6 /* MorningProof */ = {
			isa = PBXNativeTarget;
			buildConfigurationList = 4F78FAA3A73FB6A7BFD874AE /* Build configuration list for PBXNativeTarget "MorningProof" */;
			buildPhases = (
				5F2FD0DB3426DEB21B60E863 /* Sources */,
				3BE0E7233F35FEE598FFFF61 /* Resources */,
				73E3AF7D46517FAEB9FEE6E4 /* Frameworks */,
			);
			buildRules = (
			);
			dependencies = (
			);
			name = MorningProof;
			packageProductDependencies = (
				EBBDC128BC8C42A7843DDD53 /* FirebaseCrashlytics */,
				EF2862FACBA6297E47C7CCDC /* FirebaseAnalytics */,
				594D2249590A3D0670CB069C /* GoogleSignIn */,
			);
			productName = MorningProof;
			productReference = 8A3458FD1116625E1A9A91CB /* MorningProof.app */;
			productType = "com.apple.product-type.application";
		};
		D18A4D56FB945AF2E8A5C10E /* MorningProofUITests */ = {
			isa = PBXNativeTarget;
			buildConfigurationList = 1D25B13876EAF1FE84F3D6DF /* Build configuration list for PBXNativeTarget "MorningProofUITests" */;
			buildPhases = (
				E4205C015DC140DCB6C94E53 /* Sources */,
			);
			buildRules = (
			);
			dependencies = (
				9028906429958B3B2C2CCE28 /* PBXTargetDependency */,
			);
			name = MorningProofUITests;
			packageProductDependencies = (
			);
			productName = MorningProofUITests;
			productReference = 8C22EBE644AB4E2F728ABCD7 /* MorningProofUITests.xctest */;
			productType = "com.apple.product-type.bundle.ui-testing";
		};
/* End PBXNativeTarget section */

/* Begin PBXProject section */
		8D5F97C7D8727313505E8661 /* Project object */ = {
			isa = PBXProject;
			attributes = {
				BuildIndependentTargetsInParallel = YES;
				LastUpgradeCheck = 1500;
				TargetAttributes = {
					81A9B07749BFDE7F645FB8A6 = {
						DevelopmentTeam = P9ZXADV42A;
						ProvisioningStyle = Automatic;
					};
					D18A4D56FB945AF2E8A5C10E = {
						TestTargetID = 81A9B07749BFDE7F645FB8A6;
					};
				};
			};
			buildConfigurationList = 43E2727C3BFD2967853B01FF /* Build configuration list for PBXProject "MorningProof" */;
			compatibilityVersion = "Xcode 14.0";
			developmentRegion = en;
			hasScannedForEncodings = 0;
			knownRegions = (
				Base,
				en,
			);
			mainGroup = 4B26539C9EC750109D71F8EA;
			minimizedProjectReferenceProxies = 1;
			packageReferences = (
				E374F5A85D9EA8B0E3EF19AC /* XCRemoteSwiftPackageReference "firebase-ios-sdk" */,
				5DEE0A5FC47979E44F10B280 /* XCRemoteSwiftPackageReference "GoogleSignIn-iOS" */,
			);
			preferredProjectObjectVersion = 77;
			projectDirPath = "";
			projectRoot = "";
			targets = (
				81A9B07749BFDE7F645FB8A6 /* MorningProof */,
				1AEF9319E66D9B5FEECB0E9F /* MorningProofTests */,
				D18A4D56FB945AF2E8A5C10E /* MorningProofUITests */,
			);
		};
/* End PBXProject section */

/* Begin PBXResourcesBuildPhase section */
		3BE0E7233F35FEE598FFFF61 /* Resources */ = {
			isa = PBXResourcesBuildPhase;
			buildActionMask = 2147483647;
			files = (
				2133896093D678421C560CE5 /* Assets.xcassets in Resources */,
				0D4E5B97C46B640D392EB520 /* Config.example in Resources */,
				E88801836A1DB6F71FAFD876 /* PrivacyInfo.xcprivacy in Resources */,
			);
			runOnlyForDeploymentPostprocessing = 0;
		};
/* End PBXResourcesBuildPhase section */

/* Begin PBXSourcesBuildPhase section */
		5F2FD0DB3426DEB21B60E863 /* Sources */ = {
			isa = PBXSourcesBuildPhase;
			buildActionMask = 2147483647;
			files = (
				F9057F0A326F15BFE632754F /* Achievement.swift in Sources */,
				4F8B9E2348E476753CB676DC /* AchievementUnlockCelebrationView.swift in Sources */,
				FBC53C28FE3C647ABD28D688 /* AchievementsView.swift in Sources */,
				AFA8B849ADBDD3630E423726 /* AnalyzingView.swift in Sources */,
				9B28F63F6BA355BC8549CCDE /* AnimatedCheckmark.swift in Sources */,
				8A73EDB50691D83750238933 /* AppLockingSettingsView.swift in Sources */,
				2B7E8106E35DF7FB2406B52B /* AppScreen.swift in Sources */,
				A9F2EDAB691DC8E3E3CD7562 /* AuthenticationManager.swift in Sources */,
				EF2D7DA739854F610782EAEE /* BedCameraView.swift in Sources */,
				D3C793EA612FDC1D7559179C /* BedVerificationViewModel.swift in Sources */,
				5644616FBAC2D42C2FDF6EA9 /* CalendarView.swift in Sources */,
				27F4AAF3EF6A4876A508035D /* CameraView.swift in Sources */,
				1B6B655E576FBB7B40C3F2FF /* ClaudeAPIService.swift in Sources */,
				54FA492C5A39656B4085053E /* Config.swift in Sources */,
				33381EDF9123FB6FD1CD4D77 /* CrashReportingService.swift in Sources */,
				20E3F4B5DF3D59985E89B25B /* DashboardView.swift in Sources */,
				1E8811D345916DD25650A347 /* Habit.swift in Sources */,
				0B895D680BA932C04ED15796 /* HapticManager.swift in Sources */,
				7E418C3D406BD4CF55FEDCB0 /* HealthKitManager.swift in Sources */,
				2A8447D7C9F7284723922D4D /* HistoryView.swift in Sources */,
				07413D8B7ACA9D63E8F4F7E3 /* HomeView.swift in Sources */,
				F69774C99B74F6A32D563AE4 /* ImagePicker.swift in Sources */,
				1E513B3AF9042CDD59D744EC /* JournalEntryView.swift in Sources */,
				43FD81844A20AED0658247A2 /* LiveActivityManager.swift in Sources */,
				0C04A4D7936746346CF4F462 /* LockInCelebrationView.swift in Sources */,
				4A5710E479D06D630AA72C63 /* LockInDayButton.swift in Sources */,
				24824E01C210511608B1820F /* Logger.swift in Sources */,
				AFAB237BFE94B237C1FC5E83 /* MPButton.swift in Sources */,
				A693DB546892E62EC3680F62 /* MPCard.swift in Sources */,
				8F393BE460FE423B9988B32F /* MPSectionHeader.swift in Sources */,
				ABBF0DBE58648518E50AD7F1 /* MainTabView.swift in Sources */,
				344291CEE140F868F09661A8 /* MigrationManager.swift in Sources */,
				EF6FDEC703A4DB6CB397A6EA /* MiniConfettiView.swift in Sources */,
				7BD498619EFA0FB8AF85197A /* MorningProofApp.swift in Sources */,
				EE04C57AB9C08DC671F8C253 /* MorningProofManager.swift in Sources */,
				9C279E61C28BB614804CF8F2 /* MorningProofSettingsView.swift in Sources */,
				FE0AF8A5837165E0CC89F30F /* NotificationManager.swift in Sources */,
				14FC0ED912DFDF42657ACCEF /* OnboardingFlowView.swift in Sources */,
				3A4279D805984E859020B822 /* SocialProofCounter.swift in Sources */,
				2333F5B878BF41329FC3BC0D /* TestimonialCard.swift in Sources */,
				EAB44A6520B149ED99E3A1DC /* StatisticHeroCard.swift in Sources */,
				1811DC95DEA0401F85680399 /* EnhancedPlanCard.swift in Sources */,
				5E46AD1F8EB04807BAA95D76 /* ProgressGraphView.swift in Sources */,
				3796BBBB023F2FDBDF2C4D09 /* OnboardingView.swift in Sources */,
				49797C886BDE9E1940FB196E /* PaywallView.swift in Sources */,
				0557C3B7F27FB0AA8E6A6078 /* ProgressHeroCard.swift in Sources */,
				142A070DE67428B4847BAEF1 /* ResultView.swift in Sources */,
				4536987E4D02514E625C49EA /* SDModels.swift in Sources */,
				8D47A4A0AA31EE1DE7B1FE8B /* SettingsView.swift in Sources */,
				20BA3BC128BA29A942954BDD /* SideMenuView.swift in Sources */,
				CE1EF895259597917931AAE6 /* SleepInputSheet.swift in Sources */,
				833D5653CA9D048A825022F0 /* StatisticsView.swift in Sources */,
				6FE2DF4394E7D7DDAB1FEFEC /* StorageService.swift in Sources */,
				6719BEC4E63521EB4A608327 /* StreakData.swift in Sources */,
				B3F0CE847CD8A79271D34877 /* StreakHeroCard.swift in Sources */,
				E7F81CF6C5DBD9CA3AD4984A /* StreakRecoveryView.swift in Sources */,
				E0B79D3BD4A09312B7B7474E /* SubscriptionManager.swift in Sources */,
				3E47A6B089C95465AF967F56 /* TextEntryView.swift in Sources */,
				ED80EC39FD2965B333865034 /* Theme.swift in Sources */,
				AB85ACB26AA53D8DBDE100AA /* ThemeManager.swift in Sources */,
				FCB05BEBDBA8C8AF5CC8A788 /* UserSettings.swift in Sources */,
				21922DF10EA344BDB9335FBA /* VerificationResult.swift in Sources */,
				6031A8E7FBCF73E867AFF486 /* WeekProgressView.swift in Sources */,
				E9A1FC8931F54A8A03C22729 /* WelcomeView.swift in Sources */,
			);
			runOnlyForDeploymentPostprocessing = 0;
		};
		6C597FDE9B3CDF6D755FF342 /* Sources */ = {
			isa = PBXSourcesBuildPhase;
			buildActionMask = 2147483647;
			files = (
				A848848117EC771FADA59848 /* MorningProofTests.swift in Sources */,
			);
			runOnlyForDeploymentPostprocessing = 0;
		};
		E4205C015DC140DCB6C94E53 /* Sources */ = {
			isa = PBXSourcesBuildPhase;
			buildActionMask = 2147483647;
			files = (
				FEE0E45CB5F8F4BC268C66B5 /* MorningProofUITests.swift in Sources */,
			);
			runOnlyForDeploymentPostprocessing = 0;
		};
/* End PBXSourcesBuildPhase section */

/* Begin PBXTargetDependency section */
		9028906429958B3B2C2CCE28 /* PBXTargetDependency */ = {
			isa = PBXTargetDependency;
			target = 81A9B07749BFDE7F645FB8A6 /* MorningProof */;
			targetProxy = 6D2D7EDED402198DD076634A /* PBXContainerItemProxy */;
		};
		FFEAB1C0E3BD0383AAEF1CA7 /* PBXTargetDependency */ = {
			isa = PBXTargetDependency;
			target = 81A9B07749BFDE7F645FB8A6 /* MorningProof */;
			targetProxy = 6D587CB4572082B6C6CA9966 /* PBXContainerItemProxy */;
		};
/* End PBXTargetDependency section */

/* Begin XCBuildConfiguration section */
		05D4AF8B861EC4DA8644D868 /* Debug */ = {
			isa = XCBuildConfiguration;
			buildSettings = {
				ALWAYS_SEARCH_USER_PATHS = NO;
				CLANG_ANALYZER_NONNULL = YES;
				CLANG_ANALYZER_NUMBER_OBJECT_CONVERSION = YES_AGGRESSIVE;
				CLANG_CXX_LANGUAGE_STANDARD = "gnu++14";
				CLANG_CXX_LIBRARY = "libc++";
				CLANG_ENABLE_MODULES = YES;
				CLANG_ENABLE_OBJC_ARC = YES;
				CLANG_ENABLE_OBJC_WEAK = YES;
				CLANG_WARN_BLOCK_CAPTURE_AUTORELEASING = YES;
				CLANG_WARN_BOOL_CONVERSION = YES;
				CLANG_WARN_COMMA = YES;
				CLANG_WARN_CONSTANT_CONVERSION = YES;
				CLANG_WARN_DEPRECATED_OBJC_IMPLEMENTATIONS = YES;
				CLANG_WARN_DIRECT_OBJC_ISA_USAGE = YES_ERROR;
				CLANG_WARN_DOCUMENTATION_COMMENTS = YES;
				CLANG_WARN_EMPTY_BODY = YES;
				CLANG_WARN_ENUM_CONVERSION = YES;
				CLANG_WARN_INFINITE_RECURSION = YES;
				CLANG_WARN_INT_CONVERSION = YES;
				CLANG_WARN_NON_LITERAL_NULL_CONVERSION = YES;
				CLANG_WARN_OBJC_IMPLICIT_RETAIN_SELF = YES;
				CLANG_WARN_OBJC_LITERAL_CONVERSION = YES;
				CLANG_WARN_OBJC_ROOT_CLASS = YES_ERROR;
				CLANG_WARN_QUOTED_INCLUDE_IN_FRAMEWORK_HEADER = YES;
				CLANG_WARN_RANGE_LOOP_ANALYSIS = YES;
				CLANG_WARN_STRICT_PROTOTYPES = YES;
				CLANG_WARN_SUSPICIOUS_MOVE = YES;
				CLANG_WARN_UNGUARDED_AVAILABILITY = YES_AGGRESSIVE;
				CLANG_WARN_UNREACHABLE_CODE = YES;
				CLANG_WARN__DUPLICATE_METHOD_MATCH = YES;
				COPY_PHASE_STRIP = NO;
				CURRENT_PROJECT_VERSION = 1;
				DEBUG_INFORMATION_FORMAT = dwarf;
				ENABLE_STRICT_OBJC_MSGSEND = YES;
				ENABLE_TESTABILITY = YES;
				GCC_C_LANGUAGE_STANDARD = gnu11;
				GCC_DYNAMIC_NO_PIC = NO;
				GCC_NO_COMMON_BLOCKS = YES;
				GCC_OPTIMIZATION_LEVEL = 0;
				GCC_PREPROCESSOR_DEFINITIONS = (
					"$(inherited)",
					"DEBUG=1",
				);
				GCC_WARN_64_TO_32_BIT_CONVERSION = YES;
				GCC_WARN_ABOUT_RETURN_TYPE = YES_ERROR;
				GCC_WARN_UNDECLARED_SELECTOR = YES;
				GCC_WARN_UNINITIALIZED_AUTOS = YES_AGGRESSIVE;
				GCC_WARN_UNUSED_FUNCTION = YES;
				GCC_WARN_UNUSED_VARIABLE = YES;
				IPHONEOS_DEPLOYMENT_TARGET = 17.0;
				MARKETING_VERSION = 1.0.2;
				MTL_ENABLE_DEBUG_INFO = INCLUDE_SOURCE;
				MTL_FAST_MATH = YES;
				ONLY_ACTIVE_ARCH = YES;
				PRODUCT_NAME = "$(TARGET_NAME)";
				SDKROOT = iphoneos;
				SWIFT_ACTIVE_COMPILATION_CONDITIONS = DEBUG;
				SWIFT_OPTIMIZATION_LEVEL = "-Onone";
				SWIFT_VERSION = 5.9;
				TARGETED_DEVICE_FAMILY = 1;
			};
			name = Debug;
		};
		148ADE46A947CAA087EDD43A /* Release */ = {
			isa = XCBuildConfiguration;
			buildSettings = {
				ALWAYS_SEARCH_USER_PATHS = NO;
				CLANG_ANALYZER_NONNULL = YES;
				CLANG_ANALYZER_NUMBER_OBJECT_CONVERSION = YES_AGGRESSIVE;
				CLANG_CXX_LANGUAGE_STANDARD = "gnu++14";
				CLANG_CXX_LIBRARY = "libc++";
				CLANG_ENABLE_MODULES = YES;
				CLANG_ENABLE_OBJC_ARC = YES;
				CLANG_ENABLE_OBJC_WEAK = YES;
				CLANG_WARN_BLOCK_CAPTURE_AUTORELEASING = YES;
				CLANG_WARN_BOOL_CONVERSION = YES;
				CLANG_WARN_COMMA = YES;
				CLANG_WARN_CONSTANT_CONVERSION = YES;
				CLANG_WARN_DEPRECATED_OBJC_IMPLEMENTATIONS = YES;
				CLANG_WARN_DIRECT_OBJC_ISA_USAGE = YES_ERROR;
				CLANG_WARN_DOCUMENTATION_COMMENTS = YES;
				CLANG_WARN_EMPTY_BODY = YES;
				CLANG_WARN_ENUM_CONVERSION = YES;
				CLANG_WARN_INFINITE_RECURSION = YES;
				CLANG_WARN_INT_CONVERSION = YES;
				CLANG_WARN_NON_LITERAL_NULL_CONVERSION = YES;
				CLANG_WARN_OBJC_IMPLICIT_RETAIN_SELF = YES;
				CLANG_WARN_OBJC_LITERAL_CONVERSION = YES;
				CLANG_WARN_OBJC_ROOT_CLASS = YES_ERROR;
				CLANG_WARN_QUOTED_INCLUDE_IN_FRAMEWORK_HEADER = YES;
				CLANG_WARN_RANGE_LOOP_ANALYSIS = YES;
				CLANG_WARN_STRICT_PROTOTYPES = YES;
				CLANG_WARN_SUSPICIOUS_MOVE = YES;
				CLANG_WARN_UNGUARDED_AVAILABILITY = YES_AGGRESSIVE;
				CLANG_WARN_UNREACHABLE_CODE = YES;
				CLANG_WARN__DUPLICATE_METHOD_MATCH = YES;
				COPY_PHASE_STRIP = NO;
				CURRENT_PROJECT_VERSION = 1;
				DEBUG_INFORMATION_FORMAT = "dwarf-with-dsym";
				ENABLE_NS_ASSERTIONS = NO;
				ENABLE_STRICT_OBJC_MSGSEND = YES;
				GCC_C_LANGUAGE_STANDARD = gnu11;
				GCC_NO_COMMON_BLOCKS = YES;
				GCC_WARN_64_TO_32_BIT_CONVERSION = YES;
				GCC_WARN_ABOUT_RETURN_TYPE = YES_ERROR;
				GCC_WARN_UNDECLARED_SELECTOR = YES;
				GCC_WARN_UNINITIALIZED_AUTOS = YES_AGGRESSIVE;
				GCC_WARN_UNUSED_FUNCTION = YES;
				GCC_WARN_UNUSED_VARIABLE = YES;
				IPHONEOS_DEPLOYMENT_TARGET = 17.0;
				MARKETING_VERSION = 1.0.2;
				MTL_ENABLE_DEBUG_INFO = NO;
				MTL_FAST_MATH = YES;
				PRODUCT_NAME = "$(TARGET_NAME)";
				SDKROOT = iphoneos;
				SWIFT_COMPILATION_MODE = wholemodule;
				SWIFT_OPTIMIZATION_LEVEL = "-O";
				SWIFT_VERSION = 5.9;
				TARGETED_DEVICE_FAMILY = 1;
			};
			name = Release;
		};
		37EFA58BFDBC855766C0EF59 /* Release */ = {
			isa = XCBuildConfiguration;
			buildSettings = {
				ASSETCATALOG_COMPILER_APPICON_NAME = AppIcon;
				CODE_SIGN_ENTITLEMENTS = MorningProof/Resources/MorningProof.entitlements;
				CODE_SIGN_IDENTITY = "iPhone Developer";
				CODE_SIGN_STYLE = Automatic;
				DEBUG_INFORMATION_FORMAT = "dwarf-with-dsym";
				DEVELOPMENT_TEAM = P9ZXADV42A;
				INFOPLIST_FILE = MorningProof/Resources/Info.plist;
				LD_RUNPATH_SEARCH_PATHS = (
					"$(inherited)",
					"@executable_path/Frameworks",
				);
				PRODUCT_BUNDLE_IDENTIFIER = com.rk.morningproof;
				SDKROOT = iphoneos;
				TARGETED_DEVICE_FAMILY = 1;
			};
			name = Release;
		};
		40389C87ED9C15C0C464FA3C /* Release */ = {
			isa = XCBuildConfiguration;
			buildSettings = {
				BUNDLE_LOADER = "$(TEST_HOST)";
				LD_RUNPATH_SEARCH_PATHS = (
					"$(inherited)",
					"@executable_path/Frameworks",
					"@loader_path/Frameworks",
				);
				PRODUCT_BUNDLE_IDENTIFIER = com.rk.MorningProofUITests;
				SDKROOT = iphoneos;
				TARGETED_DEVICE_FAMILY = "1,2";
				TEST_TARGET_NAME = MorningProof;
			};
			name = Release;
		};
		462F20A0953CDDFBBCF22E9A /* Debug */ = {
			isa = XCBuildConfiguration;
			buildSettings = {
				ASSETCATALOG_COMPILER_APPICON_NAME = AppIcon;
				CODE_SIGN_ENTITLEMENTS = MorningProof/Resources/MorningProof.entitlements;
				CODE_SIGN_IDENTITY = "iPhone Developer";
				CODE_SIGN_STYLE = Automatic;
				DEBUG_INFORMATION_FORMAT = "dwarf-with-dsym";
				DEVELOPMENT_TEAM = P9ZXADV42A;
				INFOPLIST_FILE = MorningProof/Resources/Info.plist;
				LD_RUNPATH_SEARCH_PATHS = (
					"$(inherited)",
					"@executable_path/Frameworks",
				);
				PRODUCT_BUNDLE_IDENTIFIER = com.rk.morningproof;
				SDKROOT = iphoneos;
				TARGETED_DEVICE_FAMILY = 1;
			};
			name = Debug;
		};
		5881A53A488893F6F669367F /* Debug */ = {
			isa = XCBuildConfiguration;
			buildSettings = {
				BUNDLE_LOADER = "$(TEST_HOST)";
				LD_RUNPATH_SEARCH_PATHS = (
					"$(inherited)",
					"@executable_path/Frameworks",
					"@loader_path/Frameworks",
				);
				PRODUCT_BUNDLE_IDENTIFIER = com.rk.MorningProofUITests;
				SDKROOT = iphoneos;
				TARGETED_DEVICE_FAMILY = "1,2";
				TEST_TARGET_NAME = MorningProof;
			};
			name = Debug;
		};
		BA7EE51A859763EE6526F195 /* Release */ = {
			isa = XCBuildConfiguration;
			buildSettings = {
				BUNDLE_LOADER = "$(TEST_HOST)";
				LD_RUNPATH_SEARCH_PATHS = (
					"$(inherited)",
					"@executable_path/Frameworks",
					"@loader_path/Frameworks",
				);
				PRODUCT_BUNDLE_IDENTIFIER = com.rk.MorningProofTests;
				SDKROOT = iphoneos;
				TARGETED_DEVICE_FAMILY = "1,2";
				TEST_HOST = "$(BUILT_PRODUCTS_DIR)/MorningProof.app/MorningProof";
			};
			name = Release;
		};
		E97E83C5DAAD8E81796D386E /* Debug */ = {
			isa = XCBuildConfiguration;
			buildSettings = {
				BUNDLE_LOADER = "$(TEST_HOST)";
				LD_RUNPATH_SEARCH_PATHS = (
					"$(inherited)",
					"@executable_path/Frameworks",
					"@loader_path/Frameworks",
				);
				PRODUCT_BUNDLE_IDENTIFIER = com.rk.MorningProofTests;
				SDKROOT = iphoneos;
				TARGETED_DEVICE_FAMILY = "1,2";
				TEST_HOST = "$(BUILT_PRODUCTS_DIR)/MorningProof.app/MorningProof";
			};
			name = Debug;
		};
/* End XCBuildConfiguration section */

/* Begin XCConfigurationList section */
		1D25B13876EAF1FE84F3D6DF /* Build configuration list for PBXNativeTarget "MorningProofUITests" */ = {
			isa = XCConfigurationList;
			buildConfigurations = (
				5881A53A488893F6F669367F /* Debug */,
				40389C87ED9C15C0C464FA3C /* Release */,
			);
			defaultConfigurationIsVisible = 0;
			defaultConfigurationName = Debug;
		};
		43E2727C3BFD2967853B01FF /* Build configuration list for PBXProject "MorningProof" */ = {
			isa = XCConfigurationList;
			buildConfigurations = (
				05D4AF8B861EC4DA8644D868 /* Debug */,
				148ADE46A947CAA087EDD43A /* Release */,
			);
			defaultConfigurationIsVisible = 0;
			defaultConfigurationName = Debug;
		};
		4F78FAA3A73FB6A7BFD874AE /* Build configuration list for PBXNativeTarget "MorningProof" */ = {
			isa = XCConfigurationList;
			buildConfigurations = (
				462F20A0953CDDFBBCF22E9A /* Debug */,
				37EFA58BFDBC855766C0EF59 /* Release */,
			);
			defaultConfigurationIsVisible = 0;
			defaultConfigurationName = Debug;
		};
		774DA33577A9F0EFF844AA35 /* Build configuration list for PBXNativeTarget "MorningProofTests" */ = {
			isa = XCConfigurationList;
			buildConfigurations = (
				E97E83C5DAAD8E81796D386E /* Debug */,
				BA7EE51A859763EE6526F195 /* Release */,
			);
			defaultConfigurationIsVisible = 0;
			defaultConfigurationName = Debug;
		};
/* End XCConfigurationList section */

/* Begin XCRemoteSwiftPackageReference section */
		5DEE0A5FC47979E44F10B280 /* XCRemoteSwiftPackageReference "GoogleSignIn-iOS" */ = {
			isa = XCRemoteSwiftPackageReference;
			repositoryURL = "https://github.com/google/GoogleSignIn-iOS";
			requirement = {
				kind = upToNextMajorVersion;
				minimumVersion = 8.0.0;
			};
		};
		E374F5A85D9EA8B0E3EF19AC /* XCRemoteSwiftPackageReference "firebase-ios-sdk" */ = {
			isa = XCRemoteSwiftPackageReference;
			repositoryURL = "https://github.com/firebase/firebase-ios-sdk";
			requirement = {
				kind = upToNextMajorVersion;
				minimumVersion = 11.0.0;
			};
		};
/* End XCRemoteSwiftPackageReference section */

/* Begin XCSwiftPackageProductDependency section */
		594D2249590A3D0670CB069C /* GoogleSignIn */ = {
			isa = XCSwiftPackageProductDependency;
			package = 5DEE0A5FC47979E44F10B280 /* XCRemoteSwiftPackageReference "GoogleSignIn-iOS" */;
			productName = GoogleSignIn;
		};
		EBBDC128BC8C42A7843DDD53 /* FirebaseCrashlytics */ = {
			isa = XCSwiftPackageProductDependency;
			package = E374F5A85D9EA8B0E3EF19AC /* XCRemoteSwiftPackageReference "firebase-ios-sdk" */;
			productName = FirebaseCrashlytics;
		};
		EF2862FACBA6297E47C7CCDC /* FirebaseAnalytics */ = {
			isa = XCSwiftPackageProductDependency;
			package = E374F5A85D9EA8B0E3EF19AC /* XCRemoteSwiftPackageReference "firebase-ios-sdk" */;
			productName = FirebaseAnalytics;
		};
/* End XCSwiftPackageProductDependency section */
	};
	rootObject = 8D5F97C7D8727313505E8661 /* Project object */;
}
